
Microsoft Visual Studio Solution File, Format Version 12.00
# Visual Studio Version 17
VisualStudioVersion = 17.6.33712.159
MinimumVisualStudioVersion = 10.0.40219.1
Project("{9A19103F-16F7-4668-BE54-9A1E7A4F7556}") = "ERgrinApiSample", "ERgrinApiSample\ERgrinApiSample.csproj", "{B3775424-5D39-41A5-8519-22ACC35CCE22}"
EndProject
Global
	GlobalSection(SolutionConfigurationPlatforms) = preSolution
		Debug|Any CPU = Debug|Any CPU
		Debug|x64 = Debug|x64
		Release|Any CPU = Release|Any CPU
		Release|x64 = Release|x64
	EndGlobalSection
	GlobalSection(ProjectConfigurationPlatforms) = postSolution
		{B3775424-5D39-41A5-8519-22ACC35CCE22}.Debug|Any CPU.ActiveCfg = Debug|Any CPU
		{B3775424-5D39-41A5-8519-22ACC35CCE22}.Debug|Any CPU.Build.0 = Debug|Any CPU
		{B3775424-5D39-41A5-8519-22ACC35CCE22}.Debug|x64.ActiveCfg = Debug|x64
		{B3775424-5D39-41A5-8519-22ACC35CCE22}.Debug|x64.Build.0 = Debug|x64
		{B3775424-5D39-41A5-8519-22ACC35CCE22}.Release|Any CPU.ActiveCfg = Release|Any CPU
		{B3775424-5D39-41A5-8519-22ACC35CCE22}.Release|Any CPU.Build.0 = Release|Any CPU
		{B3775424-5D39-41A5-8519-22ACC35CCE22}.Release|x64.ActiveCfg = Release|x64
		{B3775424-5D39-41A5-8519-22ACC35CCE22}.Release|x64.Build.0 = Release|x64
	EndGlobalSection
	GlobalSection(SolutionProperties) = preSolution
		HideSolutionNode = FALSE
	EndGlobalSection
	GlobalSection(ExtensibilityGlobals) = postSolution
		SolutionGuid = {3B82CEF2-81D2-4064-B235-8784052373A1}
	EndGlobalSection
EndGlobal
